PODS:
  - CryptoSwift (1.9.0)
  - Flutter (1.0.0)
  - shared_preferences_foundation (0.0.1):
    - Flutter
    - FlutterMacOS
  - tangem_sdk (1.0.0):
    - Flutter
    - TangemSdk (~> 4.0)
  - TangemSdk (4.0.6):
    - CryptoSwift (= 1.9.0)

DEPENDENCIES:
  - CryptoSwift (from `https://github.com/krzyzanowskim/CryptoSwift.git`, tag `1.9.0`)
  - Flutter (from `Flutter`)
  - shared_preferences_foundation (from `.symlinks/plugins/shared_preferences_foundation/darwin`)
  - tangem_sdk (from `.symlinks/plugins/tangem_sdk/ios`)
  - TangemSdk (from `../../ios/LocalPods`)

EXTERNAL SOURCES:
  CryptoSwift:
    :git: https://github.com/krzyzanowskim/CryptoSwift.git
    :tag: 1.9.0
  Flutter:
    :path: Flutter
  shared_preferences_foundation:
    :path: ".symlinks/plugins/shared_preferences_foundation/darwin"
  tangem_sdk:
    :path: ".symlinks/plugins/tangem_sdk/ios"
  TangemSdk:
    :path: "../../ios/LocalPods"

CHECKOUT OPTIONS:
  CryptoSwift:
    :git: https://github.com/krzyzanowskim/CryptoSwift.git
    :tag: 1.9.0

SPEC CHECKSUMS:
  CryptoSwift: 90e66df7e77627c231e5c186e60c4bc4b70ab03a
  Flutter: cabc95a1d2626b1b06e7179b784ebcf0c0cde467
  shared_preferences_foundation: 7036424c3d8ec98dfe75ff1667cb0cd531ec82bb
  tangem_sdk: 062eb9c3ede121c2ac2b936912daaf3bcf916d44
  TangemSdk: b1c817f1c8ce8655190453c1b84e2d5d68ca35b5

PODFILE CHECKSUM: 3664f48efd4bf30aceb5cad0bb3a5e6c47d7cb30

COCOAPODS: 1.16.2
